
Microsoft Visual Studio Solution File, Format Version 12.00
# Visual Studio 15
VisualStudioVersion = 15.0.27428.2015
MinimumVisualStudioVersion = 10.0.40219.1
Project("{FAE04EC0-301F-11D3-BF4B-00C04F79EFBC}") = "UPMConference", "UPMConference\UPMConference.csproj", "{9561B3E7-4612-40AA-AEF9-D0D584636D6E}"
EndProject
Global
	GlobalSection(SolutionConfigurationPlatforms) = preSolution
		Debug|Any CPU = Debug|Any CPU
		Release|Any CPU = Release|Any CPU
	EndGlobalSection
	GlobalSection(ProjectConfigurationPlatforms) = postSolution
		{9561B3E7-4612-40AA-AEF9-D0D584636D6E}.Debug|Any CPU.ActiveCfg = Debug|Any CPU
		{9561B3E7-4612-40AA-AEF9-D0D584636D6E}.Debug|Any CPU.Build.0 = Debug|Any CPU
		{9561B3E7-4612-40AA-AEF9-D0D584636D6E}.Release|Any CPU.ActiveCfg = Release|Any CPU
		{9561B3E7-4612-40AA-AEF9-D0D584636D6E}.Release|Any CPU.Build.0 = Release|Any CPU
	EndGlobalSection
	GlobalSection(SolutionProperties) = preSolution
		HideSolutionNode = FALSE
	EndGlobalSection
	GlobalSection(ExtensibilityGlobals) = postSolution
		SolutionGuid = {80F6B1F1-F12A-4592-8EE3-4D1533F92E32}
	EndGlobalSection
EndGlobal
