
Microsoft Visual Studio Solution File, Format Version 12.00
# Visual Studio 15
VisualStudioVersion = 15.0.27428.2015
MinimumVisualStudioVersion = 10.0.40219.1
Project("{2150E333-8FDC-42A3-9474-1A3956D46DE8}") = "DomainDrivenDesign", "DomainDrivenDesign", "{8A4C1B6E-35C3-4BB9-B757-0332A9C31087}"
EndProject
Project("{9A19103F-16F7-4668-BE54-9A1E7A4F7556}") = "LinqKata", "LinqKata\LinqKata.csproj", "{ED7B372E-2FFC-4904-BD63-CE1C843EEDE3}"
EndProject
Project("{9A19103F-16F7-4668-BE54-9A1E7A4F7556}") = "LinqPowerExamples", "LinqPowerExamples\LinqPowerExamples.csproj", "{D53FBA03-2F2D-499B-917A-A7228E7F414C}"
EndProject
Project("{9A19103F-16F7-4668-BE54-9A1E7A4F7556}") = "Example.Site.Core", "DomainDrivenDesign\Example.Site.Core\Example.Site.Core.csproj", "{78526ABC-60ED-447B-B973-11A1EA4168EE}"
EndProject
Project("{9A19103F-16F7-4668-BE54-9A1E7A4F7556}") = "Example.Infraestructure.Data.Core", "DomainDrivenDesign\Example.Infraestructure.Data.Core\Example.Infraestructure.Data.Core.csproj", "{8A91D821-6ADB-45EF-89E3-812F3680F486}"
EndProject
Project("{9A19103F-16F7-4668-BE54-9A1E7A4F7556}") = "Example.Infraestructure.Crosscutting", "DomainDrivenDesign\Example.Infraestructure.Crosscutting\Example.Infraestructure.Crosscutting.csproj", "{CBFB01E1-95CF-4B3B-9C90-8E06F87BF5E9}"
EndProject
Project("{9A19103F-16F7-4668-BE54-9A1E7A4F7556}") = "Example.Domain.Core", "DomainDrivenDesign\Example.Domain.Core\Example.Domain.Core.csproj", "{29667065-7C86-4253-AAA3-4F1FE6C35FD2}"
EndProject
Project("{9A19103F-16F7-4668-BE54-9A1E7A4F7556}") = "Example.Application.Core", "DomainDrivenDesign\Example.Application.Core\Example.Application.Core.csproj", "{54C24DBD-E87A-45DC-926D-AE575529C415}"
EndProject
Global
	GlobalSection(SolutionConfigurationPlatforms) = preSolution
		Debug|Any CPU = Debug|Any CPU
		Release|Any CPU = Release|Any CPU
	EndGlobalSection
	GlobalSection(ProjectConfigurationPlatforms) = postSolution
		{ED7B372E-2FFC-4904-BD63-CE1C843EEDE3}.Debug|Any CPU.ActiveCfg = Debug|Any CPU
		{ED7B372E-2FFC-4904-BD63-CE1C843EEDE3}.Debug|Any CPU.Build.0 = Debug|Any CPU
		{ED7B372E-2FFC-4904-BD63-CE1C843EEDE3}.Release|Any CPU.ActiveCfg = Release|Any CPU
		{ED7B372E-2FFC-4904-BD63-CE1C843EEDE3}.Release|Any CPU.Build.0 = Release|Any CPU
		{D53FBA03-2F2D-499B-917A-A7228E7F414C}.Debug|Any CPU.ActiveCfg = Debug|Any CPU
		{D53FBA03-2F2D-499B-917A-A7228E7F414C}.Debug|Any CPU.Build.0 = Debug|Any CPU
		{D53FBA03-2F2D-499B-917A-A7228E7F414C}.Release|Any CPU.ActiveCfg = Release|Any CPU
		{D53FBA03-2F2D-499B-917A-A7228E7F414C}.Release|Any CPU.Build.0 = Release|Any CPU
		{78526ABC-60ED-447B-B973-11A1EA4168EE}.Debug|Any CPU.ActiveCfg = Debug|Any CPU
		{78526ABC-60ED-447B-B973-11A1EA4168EE}.Debug|Any CPU.Build.0 = Debug|Any CPU
		{78526ABC-60ED-447B-B973-11A1EA4168EE}.Release|Any CPU.ActiveCfg = Release|Any CPU
		{78526ABC-60ED-447B-B973-11A1EA4168EE}.Release|Any CPU.Build.0 = Release|Any CPU
		{8A91D821-6ADB-45EF-89E3-812F3680F486}.Debug|Any CPU.ActiveCfg = Debug|Any CPU
		{8A91D821-6ADB-45EF-89E3-812F3680F486}.Debug|Any CPU.Build.0 = Debug|Any CPU
		{8A91D821-6ADB-45EF-89E3-812F3680F486}.Release|Any CPU.ActiveCfg = Release|Any CPU
		{8A91D821-6ADB-45EF-89E3-812F3680F486}.Release|Any CPU.Build.0 = Release|Any CPU
		{CBFB01E1-95CF-4B3B-9C90-8E06F87BF5E9}.Debug|Any CPU.ActiveCfg = Debug|Any CPU
		{CBFB01E1-95CF-4B3B-9C90-8E06F87BF5E9}.Debug|Any CPU.Build.0 = Debug|Any CPU
		{CBFB01E1-95CF-4B3B-9C90-8E06F87BF5E9}.Release|Any CPU.ActiveCfg = Release|Any CPU
		{CBFB01E1-95CF-4B3B-9C90-8E06F87BF5E9}.Release|Any CPU.Build.0 = Release|Any CPU
		{29667065-7C86-4253-AAA3-4F1FE6C35FD2}.Debug|Any CPU.ActiveCfg = Debug|Any CPU
		{29667065-7C86-4253-AAA3-4F1FE6C35FD2}.Debug|Any CPU.Build.0 = Debug|Any CPU
		{29667065-7C86-4253-AAA3-4F1FE6C35FD2}.Release|Any CPU.ActiveCfg = Release|Any CPU
		{29667065-7C86-4253-AAA3-4F1FE6C35FD2}.Release|Any CPU.Build.0 = Release|Any CPU
		{54C24DBD-E87A-45DC-926D-AE575529C415}.Debug|Any CPU.ActiveCfg = Debug|Any CPU
		{54C24DBD-E87A-45DC-926D-AE575529C415}.Debug|Any CPU.Build.0 = Debug|Any CPU
		{54C24DBD-E87A-45DC-926D-AE575529C415}.Release|Any CPU.ActiveCfg = Release|Any CPU
		{54C24DBD-E87A-45DC-926D-AE575529C415}.Release|Any CPU.Build.0 = Release|Any CPU
	EndGlobalSection
	GlobalSection(SolutionProperties) = preSolution
		HideSolutionNode = FALSE
	EndGlobalSection
	GlobalSection(NestedProjects) = preSolution
		{78526ABC-60ED-447B-B973-11A1EA4168EE} = {8A4C1B6E-35C3-4BB9-B757-0332A9C31087}
		{8A91D821-6ADB-45EF-89E3-812F3680F486} = {8A4C1B6E-35C3-4BB9-B757-0332A9C31087}
		{CBFB01E1-95CF-4B3B-9C90-8E06F87BF5E9} = {8A4C1B6E-35C3-4BB9-B757-0332A9C31087}
		{29667065-7C86-4253-AAA3-4F1FE6C35FD2} = {8A4C1B6E-35C3-4BB9-B757-0332A9C31087}
		{54C24DBD-E87A-45DC-926D-AE575529C415} = {8A4C1B6E-35C3-4BB9-B757-0332A9C31087}
	EndGlobalSection
	GlobalSection(ExtensibilityGlobals) = postSolution
		SolutionGuid = {80F6B1F1-F12A-4592-8EE3-4D1533F92E32}
	EndGlobalSection
EndGlobal
